
Microsoft Visual Studio Solution File, Format Version 12.00
# Visual Studio Version 16
VisualStudioVersion = 16.0.31005.135
MinimumVisualStudioVersion = 10.0.40219.1
Project("{FAE04EC0-301F-11D3-BF4B-00C04F79EFBC}") = "oleadmindb", "oleadmindb.csproj", "{8C8F32C0-19D7-4B50-85B9-23760D00665A}"
EndProject
Global
	GlobalSection(SolutionConfigurationPlatforms) = preSolution
		Debug|Any CPU = Debug|Any CPU
		Release|Any CPU = Release|Any CPU
	EndGlobalSection
	GlobalSection(ProjectConfigurationPlatforms) = postSolution
		{8C8F32C0-19D7-4B50-85B9-23760D00665A}.Debug|Any CPU.ActiveCfg = Debug|Any CPU
		{8C8F32C0-19D7-4B50-85B9-23760D00665A}.Debug|Any CPU.Build.0 = Debug|Any CPU
		{8C8F32C0-19D7-4B50-85B9-23760D00665A}.Release|Any CPU.ActiveCfg = Release|Any CPU
		{8C8F32C0-19D7-4B50-85B9-23760D00665A}.Release|Any CPU.Build.0 = Release|Any CPU
	EndGlobalSection
	GlobalSection(SolutionProperties) = preSolution
		HideSolutionNode = FALSE
	EndGlobalSection
	GlobalSection(ExtensibilityGlobals) = postSolution
		SolutionGuid = {E582F980-5411-4690-BDA3-B45604D5B9F0}
	EndGlobalSection
EndGlobal
